
Microsoft Visual Studio Solution File, Format Version 12.00
# Visual Studio 16
Project("{FAE04EC0-301F-11D3-BF4B-00C04F79EFBC}") = "Assembly-CSharp", "Assembly-CSharp.csproj", "{4D817D45-F7A8-AFB6-91D5-F966C7106A49}"
EndProject
Project("{FAE04EC0-301F-11D3-BF4B-00C04F79EFBC}") = "SteamVR", "SteamVR.csproj", "{5270667D-11BF-2FAA-C018-A70BF0643D73}"
EndProject
Project("{FAE04EC0-301F-11D3-BF4B-00C04F79EFBC}") = "TobiiXRDevTools", "TobiiXRDevTools.csproj", "{1CA2C610-FB4D-C45A-98F1-DC978FF03C64}"
EndProject
Project("{FAE04EC0-301F-11D3-BF4B-00C04F79EFBC}") = "TobiiXRSDK", "TobiiXRSDK.csproj", "{14C238D8-E962-1731-36B5-7F10F145BE6A}"
EndProject
Project("{FAE04EC0-301F-11D3-BF4B-00C04F79EFBC}") = "TobiiXRCore", "TobiiXRCore.csproj", "{77C120B0-CBD1-ACA0-EB34-9AE65484AD65}"
EndProject
Project("{FAE04EC0-301F-11D3-BF4B-00C04F79EFBC}") = "TobiiXRG2OM", "TobiiXRG2OM.csproj", "{6C474A11-613A-5020-C548-7EEF70069461}"
EndProject
Project("{FAE04EC0-301F-11D3-BF4B-00C04F79EFBC}") = "SteamVR_Actions", "SteamVR_Actions.csproj", "{32BADDFE-B366-D439-AC81-76426CE1B1F9}"
EndProject
Project("{FAE04EC0-301F-11D3-BF4B-00C04F79EFBC}") = "SteamVR_Editor", "SteamVR_Editor.csproj", "{4BC4EAF5-38ED-34BD-4A69-9091E8192C72}"
EndProject
Project("{FAE04EC0-301F-11D3-BF4B-00C04F79EFBC}") = "SteamVR_Input_Editor", "SteamVR_Input_Editor.csproj", "{7EB74F8A-AF05-A35C-4709-01E87F69901D}"
EndProject
Project("{FAE04EC0-301F-11D3-BF4B-00C04F79EFBC}") = "Assembly-CSharp-Editor", "Assembly-CSharp-Editor.csproj", "{2CB52B02-71FC-2798-9359-3611D83D099F}"
EndProject
Project("{FAE04EC0-301F-11D3-BF4B-00C04F79EFBC}") = "TobiiXRInternalEditor", "TobiiXRInternalEditor.csproj", "{D2A50BBD-B97B-4925-2D98-EBA00C63742B}"
EndProject
Project("{FAE04EC0-301F-11D3-BF4B-00C04F79EFBC}") = "TobiiXREditor", "TobiiXREditor.csproj", "{61C85DCB-6418-B998-3869-5884C31D75A0}"
EndProject
Project("{FAE04EC0-301F-11D3-BF4B-00C04F79EFBC}") = "SteamVR_Windows_EditorHelper", "SteamVR_Windows_EditorHelper.csproj", "{C11F7EAC-E758-1A00-B2AC-64B1C4D0B03A}"
EndProject
Project("{FAE04EC0-301F-11D3-BF4B-00C04F79EFBC}") = "GazeModifierEditor", "GazeModifierEditor.csproj", "{7E27BFFE-3FCB-DAD2-B126-7B32A29F8CFD}"
EndProject
Global
	GlobalSection(SolutionConfigurationPlatforms) = preSolution
		Debug|Any CPU = Debug|Any CPU
		Release|Any CPU = Release|Any CPU
	EndGlobalSection
	GlobalSection(ProjectConfigurationPlatforms) = postSolution
		{4D817D45-F7A8-AFB6-91D5-F966C7106A49}.Debug|Any CPU.ActiveCfg = Debug|Any CPU
		{4D817D45-F7A8-AFB6-91D5-F966C7106A49}.Debug|Any CPU.Build.0 = Debug|Any CPU
		{4D817D45-F7A8-AFB6-91D5-F966C7106A49}.Release|Any CPU.ActiveCfg = Release|Any CPU
		{4D817D45-F7A8-AFB6-91D5-F966C7106A49}.Release|Any CPU.Build.0 = Release|Any CPU
		{5270667D-11BF-2FAA-C018-A70BF0643D73}.Debug|Any CPU.ActiveCfg = Debug|Any CPU
		{5270667D-11BF-2FAA-C018-A70BF0643D73}.Debug|Any CPU.Build.0 = Debug|Any CPU
		{5270667D-11BF-2FAA-C018-A70BF0643D73}.Release|Any CPU.ActiveCfg = Release|Any CPU
		{5270667D-11BF-2FAA-C018-A70BF0643D73}.Release|Any CPU.Build.0 = Release|Any CPU
		{1CA2C610-FB4D-C45A-98F1-DC978FF03C64}.Debug|Any CPU.ActiveCfg = Debug|Any CPU
		{1CA2C610-FB4D-C45A-98F1-DC978FF03C64}.Debug|Any CPU.Build.0 = Debug|Any CPU
		{1CA2C610-FB4D-C45A-98F1-DC978FF03C64}.Release|Any CPU.ActiveCfg = Release|Any CPU
		{1CA2C610-FB4D-C45A-98F1-DC978FF03C64}.Release|Any CPU.Build.0 = Release|Any CPU
		{14C238D8-E962-1731-36B5-7F10F145BE6A}.Debug|Any CPU.ActiveCfg = Debug|Any CPU
		{14C238D8-E962-1731-36B5-7F10F145BE6A}.Debug|Any CPU.Build.0 = Debug|Any CPU
		{14C238D8-E962-1731-36B5-7F10F145BE6A}.Release|Any CPU.ActiveCfg = Release|Any CPU
		{14C238D8-E962-1731-36B5-7F10F145BE6A}.Release|Any CPU.Build.0 = Release|Any CPU
		{77C120B0-CBD1-ACA0-EB34-9AE65484AD65}.Debug|Any CPU.ActiveCfg = Debug|Any CPU
		{77C120B0-CBD1-ACA0-EB34-9AE65484AD65}.Debug|Any CPU.Build.0 = Debug|Any CPU
		{77C120B0-CBD1-ACA0-EB34-9AE65484AD65}.Release|Any CPU.ActiveCfg = Release|Any CPU
		{77C120B0-CBD1-ACA0-EB34-9AE65484AD65}.Release|Any CPU.Build.0 = Release|Any CPU
		{6C474A11-613A-5020-C548-7EEF70069461}.Debug|Any CPU.ActiveCfg = Debug|Any CPU
		{6C474A11-613A-5020-C548-7EEF70069461}.Debug|Any CPU.Build.0 = Debug|Any CPU
		{6C474A11-613A-5020-C548-7EEF70069461}.Release|Any CPU.ActiveCfg = Release|Any CPU
		{6C474A11-613A-5020-C548-7EEF70069461}.Release|Any CPU.Build.0 = Release|Any CPU
		{32BADDFE-B366-D439-AC81-76426CE1B1F9}.Debug|Any CPU.ActiveCfg = Debug|Any CPU
		{32BADDFE-B366-D439-AC81-76426CE1B1F9}.Debug|Any CPU.Build.0 = Debug|Any CPU
		{32BADDFE-B366-D439-AC81-76426CE1B1F9}.Release|Any CPU.ActiveCfg = Release|Any CPU
		{32BADDFE-B366-D439-AC81-76426CE1B1F9}.Release|Any CPU.Build.0 = Release|Any CPU
		{4BC4EAF5-38ED-34BD-4A69-9091E8192C72}.Debug|Any CPU.ActiveCfg = Debug|Any CPU
		{4BC4EAF5-38ED-34BD-4A69-9091E8192C72}.Debug|Any CPU.Build.0 = Debug|Any CPU
		{4BC4EAF5-38ED-34BD-4A69-9091E8192C72}.Release|Any CPU.ActiveCfg = Release|Any CPU
		{4BC4EAF5-38ED-34BD-4A69-9091E8192C72}.Release|Any CPU.Build.0 = Release|Any CPU
		{7EB74F8A-AF05-A35C-4709-01E87F69901D}.Debug|Any CPU.ActiveCfg = Debug|Any CPU
		{7EB74F8A-AF05-A35C-4709-01E87F69901D}.Debug|Any CPU.Build.0 = Debug|Any CPU
		{7EB74F8A-AF05-A35C-4709-01E87F69901D}.Release|Any CPU.ActiveCfg = Release|Any CPU
		{7EB74F8A-AF05-A35C-4709-01E87F69901D}.Release|Any CPU.Build.0 = Release|Any CPU
		{2CB52B02-71FC-2798-9359-3611D83D099F}.Debug|Any CPU.ActiveCfg = Debug|Any CPU
		{2CB52B02-71FC-2798-9359-3611D83D099F}.Debug|Any CPU.Build.0 = Debug|Any CPU
		{2CB52B02-71FC-2798-9359-3611D83D099F}.Release|Any CPU.ActiveCfg = Release|Any CPU
		{2CB52B02-71FC-2798-9359-3611D83D099F}.Release|Any CPU.Build.0 = Release|Any CPU
		{D2A50BBD-B97B-4925-2D98-EBA00C63742B}.Debug|Any CPU.ActiveCfg = Debug|Any CPU
		{D2A50BBD-B97B-4925-2D98-EBA00C63742B}.Debug|Any CPU.Build.0 = Debug|Any CPU
		{D2A50BBD-B97B-4925-2D98-EBA00C63742B}.Release|Any CPU.ActiveCfg = Release|Any CPU
		{D2A50BBD-B97B-4925-2D98-EBA00C63742B}.Release|Any CPU.Build.0 = Release|Any CPU
		{61C85DCB-6418-B998-3869-5884C31D75A0}.Debug|Any CPU.ActiveCfg = Debug|Any CPU
		{61C85DCB-6418-B998-3869-5884C31D75A0}.Debug|Any CPU.Build.0 = Debug|Any CPU
		{61C85DCB-6418-B998-3869-5884C31D75A0}.Release|Any CPU.ActiveCfg = Release|Any CPU
		{61C85DCB-6418-B998-3869-5884C31D75A0}.Release|Any CPU.Build.0 = Release|Any CPU
		{C11F7EAC-E758-1A00-B2AC-64B1C4D0B03A}.Debug|Any CPU.ActiveCfg = Debug|Any CPU
		{C11F7EAC-E758-1A00-B2AC-64B1C4D0B03A}.Debug|Any CPU.Build.0 = Debug|Any CPU
		{C11F7EAC-E758-1A00-B2AC-64B1C4D0B03A}.Release|Any CPU.ActiveCfg = Release|Any CPU
		{C11F7EAC-E758-1A00-B2AC-64B1C4D0B03A}.Release|Any CPU.Build.0 = Release|Any CPU
		{7E27BFFE-3FCB-DAD2-B126-7B32A29F8CFD}.Debug|Any CPU.ActiveCfg = Debug|Any CPU
		{7E27BFFE-3FCB-DAD2-B126-7B32A29F8CFD}.Debug|Any CPU.Build.0 = Debug|Any CPU
		{7E27BFFE-3FCB-DAD2-B126-7B32A29F8CFD}.Release|Any CPU.ActiveCfg = Release|Any CPU
		{7E27BFFE-3FCB-DAD2-B126-7B32A29F8CFD}.Release|Any CPU.Build.0 = Release|Any CPU
	EndGlobalSection
	GlobalSection(SolutionProperties) = preSolution
		HideSolutionNode = FALSE
	EndGlobalSection
EndGlobal
